
Microsoft Visual Studio Solution File, Format Version 12.00
# Visual Studio Version 17
VisualStudioVersion = 17.2.32516.85
MinimumVisualStudioVersion = 10.0.40219.1
Project("{FAE04EC0-301F-11D3-BF4B-00C04F79EFBC}") = "Modul9.prak", "Modul9.prak\Modul9.prak.csproj", "{92B00814-229A-4ABD-B98F-368C3BBE5E6A}"
EndProject
Global
	GlobalSection(SolutionConfigurationPlatforms) = preSolution
		Debug|Any CPU = Debug|Any CPU
		Release|Any CPU = Release|Any CPU
	EndGlobalSection
	GlobalSection(ProjectConfigurationPlatforms) = postSolution
		{92B00814-229A-4ABD-B98F-368C3BBE5E6A}.Debug|Any CPU.ActiveCfg = Debug|Any CPU
		{92B00814-229A-4ABD-B98F-368C3BBE5E6A}.Debug|Any CPU.Build.0 = Debug|Any CPU
		{92B00814-229A-4ABD-B98F-368C3BBE5E6A}.Release|Any CPU.ActiveCfg = Release|Any CPU
		{92B00814-229A-4ABD-B98F-368C3BBE5E6A}.Release|Any CPU.Build.0 = Release|Any CPU
	EndGlobalSection
	GlobalSection(SolutionProperties) = preSolution
		HideSolutionNode = FALSE
	EndGlobalSection
	GlobalSection(ExtensibilityGlobals) = postSolution
		SolutionGuid = {B291F3E9-BA68-4930-A624-194064C7ABEB}
	EndGlobalSection
EndGlobal
